
Microsoft Visual Studio Solution File, Format Version 12.00
# Visual Studio Version 16
VisualStudioVersion = 16.0.29306.81
MinimumVisualStudioVersion = 10.0.40219.1
Project("{FAE04EC0-301F-11D3-BF4B-00C04F79EFBC}") = "PruebaBiblioteca1", "PruebaBiblioteca1.csproj", "{3E0774C9-9C68-46EE-A4C8-E6F178BF9CF3}"
EndProject
Project("{54435603-DBB4-11D2-8724-00A0C9A8B90C}") = "Sistema de Biblioteca", "..\Sistema de Biblioteca\Sistema de Biblioteca.vdproj", "{E9D9FABF-7A7E-4D1D-A309-8C6E9413E1E8}"
EndProject
Global
	GlobalSection(SolutionConfigurationPlatforms) = preSolution
		Debug|Any CPU = Debug|Any CPU
		Release|Any CPU = Release|Any CPU
	EndGlobalSection
	GlobalSection(ProjectConfigurationPlatforms) = postSolution
		{3E0774C9-9C68-46EE-A4C8-E6F178BF9CF3}.Debug|Any CPU.ActiveCfg = Debug|Any CPU
		{3E0774C9-9C68-46EE-A4C8-E6F178BF9CF3}.Debug|Any CPU.Build.0 = Debug|Any CPU
		{3E0774C9-9C68-46EE-A4C8-E6F178BF9CF3}.Release|Any CPU.ActiveCfg = Release|Any CPU
		{3E0774C9-9C68-46EE-A4C8-E6F178BF9CF3}.Release|Any CPU.Build.0 = Release|Any CPU
		{E9D9FABF-7A7E-4D1D-A309-8C6E9413E1E8}.Debug|Any CPU.ActiveCfg = Debug
		{E9D9FABF-7A7E-4D1D-A309-8C6E9413E1E8}.Release|Any CPU.ActiveCfg = Release
	EndGlobalSection
	GlobalSection(SolutionProperties) = preSolution
		HideSolutionNode = FALSE
	EndGlobalSection
	GlobalSection(ExtensibilityGlobals) = postSolution
		SolutionGuid = {5BC69293-E475-47D4-9466-E5EE43A0F631}
	EndGlobalSection
EndGlobal
